
Microsoft Visual Studio Solution File, Format Version 11.00
# Visual Studio 2010
Project("{FAE04EC0-301F-11D3-BF4B-00C04F79EFBC}") = "KeyGen", "KeyGen\KeyGen.csproj", "{4439B037-12A0-4365-82E2-8467B8D67C69}"
EndProject
Project("{8BC9CEB8-8B4A-11D0-8D11-00A0C91BC942}") = "IDocReplayDLL", "IDocReplayDLL\IDocReplayDLL.vcxproj", "{16430D8C-B372-4C6F-B2CA-BCDE83580EA9}"
EndProject
Project("{8BC9CEB8-8B4A-11D0-8D11-00A0C91BC942}") = "IDocReplayDLLTest", "IDocReplayDLLTest\IDocReplayDLLTest.vcxproj", "{9C3458C2-90FE-4EB1-94E0-8973E8FBAB83}"
EndProject
Project("{FAE04EC0-301F-11D3-BF4B-00C04F79EFBC}") = "MyLoadTest.SapIDocGeneratorTest", "MyLoadTest.SapIDocGeneratorTest\MyLoadTest.SapIDocGeneratorTest.csproj", "{CF498082-303F-4D82-AB69-4BAC5A85B33E}"
EndProject
Project("{FAE04EC0-301F-11D3-BF4B-00C04F79EFBC}") = "MyLoadTest.SapIDocGenerator.UI.Common", "MyLoadTest.SapIDocGenerator.UI.Common\MyLoadTest.SapIDocGenerator.UI.Common.csproj", "{4E5491A0-2555-42A9-B3A7-9629F25A109E}"
EndProject
Project("{FAE04EC0-301F-11D3-BF4B-00C04F79EFBC}") = "MyLoadTest.SapIDocGenerator", "MyLoadTest.SapIDocGenerator\MyLoadTest.SapIDocGenerator.csproj", "{3FC9243A-EE34-4C2D-ADB5-28D98B3B6FB9}"
EndProject
Project("{FAE04EC0-301F-11D3-BF4B-00C04F79EFBC}") = "MyLoadTest.SapIDocGenerator.UI.Addin", "MyLoadTest.SapIDocGenerator.UI.Addin\MyLoadTest.SapIDocGenerator.UI.Addin.csproj", "{E1898A7F-39FE-4B02-B0F8-FB7555310CF9}"
EndProject
Project("{FAE04EC0-301F-11D3-BF4B-00C04F79EFBC}") = "MyLoadTest.Common", "MyLoadTest.Common\MyLoadTest.Common.csproj", "{B4177FDF-1347-4E46-BC52-8E1559173CEE}"
EndProject
Project("{2150E333-8FDC-42A3-9474-1A3956D46DE8}") = "Solution Items", "Solution Items", "{45340876-3CB3-49F6-A0DE-3CFC855813AC}"
	ProjectSection(SolutionItems) = preProject
		Settings.StyleCop = Settings.StyleCop
	EndProjectSection
EndProject
Global
	GlobalSection(SolutionConfigurationPlatforms) = preSolution
		Debug|Mixed Platforms = Debug|Mixed Platforms
		Release|Mixed Platforms = Release|Mixed Platforms
	EndGlobalSection
	GlobalSection(ProjectConfigurationPlatforms) = postSolution
		{4439B037-12A0-4365-82E2-8467B8D67C69}.Debug|Mixed Platforms.ActiveCfg = Debug|x86
		{4439B037-12A0-4365-82E2-8467B8D67C69}.Debug|Mixed Platforms.Build.0 = Debug|x86
		{4439B037-12A0-4365-82E2-8467B8D67C69}.Release|Mixed Platforms.ActiveCfg = Release|x86
		{4439B037-12A0-4365-82E2-8467B8D67C69}.Release|Mixed Platforms.Build.0 = Release|x86
		{16430D8C-B372-4C6F-B2CA-BCDE83580EA9}.Debug|Mixed Platforms.ActiveCfg = Debug|Win32
		{16430D8C-B372-4C6F-B2CA-BCDE83580EA9}.Debug|Mixed Platforms.Build.0 = Debug|Win32
		{16430D8C-B372-4C6F-B2CA-BCDE83580EA9}.Release|Mixed Platforms.ActiveCfg = Release|Win32
		{16430D8C-B372-4C6F-B2CA-BCDE83580EA9}.Release|Mixed Platforms.Build.0 = Release|Win32
		{9C3458C2-90FE-4EB1-94E0-8973E8FBAB83}.Debug|Mixed Platforms.ActiveCfg = Debug|Win32
		{9C3458C2-90FE-4EB1-94E0-8973E8FBAB83}.Debug|Mixed Platforms.Build.0 = Debug|Win32
		{9C3458C2-90FE-4EB1-94E0-8973E8FBAB83}.Release|Mixed Platforms.ActiveCfg = Release|Win32
		{9C3458C2-90FE-4EB1-94E0-8973E8FBAB83}.Release|Mixed Platforms.Build.0 = Release|Win32
		{CF498082-303F-4D82-AB69-4BAC5A85B33E}.Debug|Mixed Platforms.ActiveCfg = Debug|x86
		{CF498082-303F-4D82-AB69-4BAC5A85B33E}.Debug|Mixed Platforms.Build.0 = Debug|x86
		{CF498082-303F-4D82-AB69-4BAC5A85B33E}.Release|Mixed Platforms.ActiveCfg = Release|x86
		{CF498082-303F-4D82-AB69-4BAC5A85B33E}.Release|Mixed Platforms.Build.0 = Release|x86
		{4E5491A0-2555-42A9-B3A7-9629F25A109E}.Debug|Mixed Platforms.ActiveCfg = Debug|Any CPU
		{4E5491A0-2555-42A9-B3A7-9629F25A109E}.Debug|Mixed Platforms.Build.0 = Debug|Any CPU
		{4E5491A0-2555-42A9-B3A7-9629F25A109E}.Release|Mixed Platforms.ActiveCfg = Release|Any CPU
		{4E5491A0-2555-42A9-B3A7-9629F25A109E}.Release|Mixed Platforms.Build.0 = Release|Any CPU
		{3FC9243A-EE34-4C2D-ADB5-28D98B3B6FB9}.Debug|Mixed Platforms.ActiveCfg = Debug|Any CPU
		{3FC9243A-EE34-4C2D-ADB5-28D98B3B6FB9}.Debug|Mixed Platforms.Build.0 = Debug|Any CPU
		{3FC9243A-EE34-4C2D-ADB5-28D98B3B6FB9}.Release|Mixed Platforms.ActiveCfg = Release|Any CPU
		{3FC9243A-EE34-4C2D-ADB5-28D98B3B6FB9}.Release|Mixed Platforms.Build.0 = Release|Any CPU
		{E1898A7F-39FE-4B02-B0F8-FB7555310CF9}.Debug|Mixed Platforms.ActiveCfg = Debug|Any CPU
		{E1898A7F-39FE-4B02-B0F8-FB7555310CF9}.Debug|Mixed Platforms.Build.0 = Debug|Any CPU
		{E1898A7F-39FE-4B02-B0F8-FB7555310CF9}.Release|Mixed Platforms.ActiveCfg = Release|Any CPU
		{E1898A7F-39FE-4B02-B0F8-FB7555310CF9}.Release|Mixed Platforms.Build.0 = Release|Any CPU
		{B4177FDF-1347-4E46-BC52-8E1559173CEE}.Debug|Mixed Platforms.ActiveCfg = Debug|Any CPU
		{B4177FDF-1347-4E46-BC52-8E1559173CEE}.Debug|Mixed Platforms.Build.0 = Debug|Any CPU
		{B4177FDF-1347-4E46-BC52-8E1559173CEE}.Release|Mixed Platforms.ActiveCfg = Release|Any CPU
		{B4177FDF-1347-4E46-BC52-8E1559173CEE}.Release|Mixed Platforms.Build.0 = Release|Any CPU
	EndGlobalSection
	GlobalSection(SolutionProperties) = preSolution
		HideSolutionNode = FALSE
	EndGlobalSection
EndGlobal
